{
  "format_version": "1.2",
  "terraform_version": "1.6.6",
  "planned_values": {
    "root_module": {
      "resources": [
        {
          "address": "aws_instance.my_instance",
          "mode": "managed",
          "type": "aws_instance",
          "name": "my_instance",
          "provider_name": "registry.terraform.io/hashicorp/aws",
          "schema_version": 1,
          "values": {
            "ami": "ami-0d05fbee6550f82df",
            "credit_specification": [],
            "get_password_data": false,
            "hibernation": null,
            "instance_type": "t2.micro",
            "launch_template": [],
            "source_dest_check": true,
            "tags": null,
            "timeouts": null,
            "user_data_replace_on_change": false,
            "volume_tags": null
          },
          "sensitive_values": {
            "capacity_reservation_specification": [],
            "cpu_options": [],
            "credit_specification": [],
            "ebs_block_device": [],
            "enclave_options": [],
            "ephemeral_block_device": [],
            "instance_market_options": [],
            "ipv6_addresses": [],
            "launch_template": [],
            "maintenance_options": [],
            "metadata_options": [],
            "network_interface": [],
            "private_dns_name_options": [],
            "root_block_device": [],
            "secondary_private_ips": [],
            "security_groups": [],
            "tags_all": {},
            "vpc_security_group_ids": []
          }
        }
      ]
    }
  },
  "resource_changes": [
    {
      "address": "aws_instance.my_instance",
      "mode": "managed",
      "type": "aws_instance",
      "name": "my_instance",
      "provider_name": "registry.terraform.io/hashicorp/aws",
      "change": {
        "actions": [
          "create"
        ],
        "before": null,
        "after": {
          "ami": "ami-0d05fbee6550f82df",
          "credit_specification": [],
          "get_password_data": false,
          "hibernation": null,
          "instance_type": "t2.micro",
          "launch_template": [],
          "source_dest_check": true,
          "tags": null,
          "timeouts": null,
          "user_data_replace_on_change": false,
          "volume_tags": null
        },
        "after_unknown": {
          "arn": true,
          "associate_public_ip_address": true,
          "availability_zone": true,
          "capacity_reservation_specification": true,
          "cpu_core_count": true,
          "cpu_options": true,
          "cpu_threads_per_core": true,
          "credit_specification": [],
          "disable_api_stop": true,
          "disable_api_termination": true,
          "ebs_block_device": true,
          "ebs_optimized": true,
          "enclave_options": true,
          "ephemeral_block_device": true,
          "host_id": true,
          "host_resource_group_arn": true,
          "iam_instance_profile": true,
          "id": true,
          "instance_initiated_shutdown_behavior": true,
          "instance_lifecycle": true,
          "instance_market_options": true,
          "instance_state": true,
          "ipv6_address_count": true,
          "ipv6_addresses": true,
          "key_name": true,
          "launch_template": [],
          "maintenance_options": true,
          "metadata_options": true,
          "monitoring": true,
          "network_interface": true,
          "outpost_arn": true,
          "password_data": true,
          "placement_group": true,
          "placement_partition_number": true,
          "primary_network_interface_id": true,
          "private_dns": true,
          "private_dns_name_options": true,
          "private_ip": true,
          "public_dns": true,
          "public_ip": true,
          "root_block_device": true,
          "secondary_private_ips": true,
          "security_groups": true,
          "spot_instance_request_id": true,
          "subnet_id": true,
          "tags_all": true,
          "tenancy": true,
          "user_data": true,
          "user_data_base64": true,
          "vpc_security_group_ids": true
        },
        "before_sensitive": false,
        "after_sensitive": {
          "capacity_reservation_specification": [],
          "cpu_options": [],
          "credit_specification": [],
          "ebs_block_device": [],
          "enclave_options": [],
          "ephemeral_block_device": [],
          "instance_market_options": [],
          "ipv6_addresses": [],
          "launch_template": [],
          "maintenance_options": [],
          "metadata_options": [],
          "network_interface": [],
          "private_dns_name_options": [],
          "root_block_device": [],
          "secondary_private_ips": [],
          "security_groups": [],
          "tags_all": {},
          "vpc_security_group_ids": []
        }
      }
    }
  ],
  "prior_state": {
    "format_version": "1.0",
    "terraform_version": "1.6.6",
    "values": {
      "root_module": {
        "resources": [
          {
            "address": "data.aws_ami.my_ami",
            "mode": "data",
            "type": "aws_ami",
            "name": "my_ami",
            "provider_name": "registry.terraform.io/hashicorp/aws",
            "schema_version": 0,
            "values": {
              "architecture": "arm64",
              "arn": "arn:aws:ec2:eu-west-3::image/ami-0d05fbee6550f82df",
              "block_device_mappings": [
                {
                  "device_name": "/dev/xvda",
                  "ebs": {
                    "delete_on_termination": "true",
                    "encrypted": "false",
                    "iops": "3000",
                    "snapshot_id": "snap-0e0013c3caa49dff2",
                    "throughput": "125",
                    "volume_size": "8",
                    "volume_type": "gp3"
                  },
                  "no_device": "",
                  "virtual_name": ""
                }
              ],
              "boot_mode": "uefi",
              "creation_date": "2023-12-15T02:11:29.000Z",
              "deprecation_time": "2024-03-14T02:11:00.000Z",
              "description": "Amazon Linux 2023 AMI 2023.3.20231218.0 arm64 HVM kernel-6.1",
              "ena_support": true,
              "executable_users": null,
              "filter": [
                {
                  "name": "architecture",
                  "values": [
                    "arm64"
                  ]
                },
                {
                  "name": "name",
                  "values": [
                    "al2023-ami-2023*"
                  ]
                }
              ],
              "hypervisor": "xen",
              "id": "ami-0d05fbee6550f82df",
              "image_id": "ami-0d05fbee6550f82df",
              "image_location": "amazon/al2023-ami-2023.3.20231218.0-kernel-6.1-arm64",
              "image_owner_alias": "amazon",
              "image_type": "machine",
              "imds_support": "v2.0",
              "include_deprecated": false,
              "kernel_id": "",
              "most_recent": true,
              "name": "al2023-ami-2023.3.20231218.0-kernel-6.1-arm64",
              "name_regex": null,
              "owner_id": "137112412989",
              "owners": [
                "amazon"
              ],
              "platform": "",
              "platform_details": "Linux/UNIX",
              "product_codes": [],
              "public": true,
              "ramdisk_id": "",
              "root_device_name": "/dev/xvda",
              "root_device_type": "ebs",
              "root_snapshot_id": "snap-0e0013c3caa49dff2",
              "sriov_net_support": "simple",
              "state": "available",
              "state_reason": {
                "code": "UNSET",
                "message": "UNSET"
              },
              "tags": {},
              "timeouts": null,
              "tpm_support": "",
              "usage_operation": "RunInstances",
              "virtualization_type": "hvm"
            },
            "sensitive_values": {
              "block_device_mappings": [
                {
                  "ebs": {}
                }
              ],
              "filter": [
                {
                  "values": [
                    false
                  ]
                },
                {
                  "values": [
                    false
                  ]
                }
              ],
              "owners": [
                false
              ],
              "product_codes": [],
              "state_reason": {},
              "tags": {}
            }
          }
        ]
      }
    }
  },
  "configuration": {
    "provider_config": {
      "aws": {
        "name": "aws",
        "full_name": "registry.terraform.io/hashicorp/aws",
        "expressions": {
          "region": {
            "constant_value": "eu-west-3"
          }
        }
      }
    },
    "root_module": {
      "resources": [
        {
          "address": "aws_instance.my_instance",
          "mode": "managed",
          "type": "aws_instance",
          "name": "my_instance",
          "provider_config_key": "aws",
          "expressions": {
            "ami": {
              "references": [
                "data.aws_ami.my_ami.id",
                "data.aws_ami.my_ami"
              ]
            },
            "instance_type": {
              "constant_value": "t2.micro"
            }
          },
          "schema_version": 1
        },
        {
          "address": "data.aws_ami.my_ami",
          "mode": "data",
          "type": "aws_ami",
          "name": "my_ami",
          "provider_config_key": "aws",
          "expressions": {
            "filter": [
              {
                "name": {
                  "constant_value": "architecture"
                },
                "values": {
                  "constant_value": [
                    "arm64"
                  ]
                }
              },
              {
                "name": {
                  "constant_value": "name"
                },
                "values": {
                  "constant_value": [
                    "al2023-ami-2023*"
                  ]
                }
              }
            ],
            "most_recent": {
              "constant_value": true
            },
            "owners": {
              "constant_value": [
                "amazon"
              ]
            }
          },
          "schema_version": 0
        }
      ]
    }
  },
  "relevant_attributes": [
    {
      "resource": "data.aws_ami.my_ami",
      "attribute": [
        "id"
      ]
    }
  ],
  "timestamp": "2023-12-27T16:03:21Z",
  "errored": false
}
